speakeasyVersion: 1.799.0
sources:
    Apideck:
        sourceNamespace: apideck
        sourceRevisionDigest: sha256:5bf211ff04fbd8dc269abf0115eb36693a9701b4a261183e1dbed961b7e6bff2
        sourceBlobDigest: sha256:f191e9ad1285fc44b479d94d93f4e3b5dd636b05d5fbba1ce6ad73ec18f8c798
        tags:
            - latest
            - 10.58.19
targets:
    apideck:
        source: Apideck
        sourceNamespace: apideck
        sourceRevisionDigest: sha256:5bf211ff04fbd8dc269abf0115eb36693a9701b4a261183e1dbed961b7e6bff2
        sourceBlobDigest: sha256:f191e9ad1285fc44b479d94d93f4e3b5dd636b05d5fbba1ce6ad73ec18f8c798
        codeSamplesNamespace: apideck-php-code-samples
        codeSamplesRevisionDigest: sha256:2d996c4b1e009665c014eb3a090939ab684fc4d854b219d0eb7ec23ce6ccad8b
workflow:
    workflowVersion: 1.0.0
    speakeasyVersion: latest
    sources:
        Apideck:
            inputs:
                - location: https://ci-spec-unify.s3.eu-central-1.amazonaws.com/speakeasy-spec.yml
            registry:
                location: registry.speakeasyapi.dev/apideck-k2o/apideck/apideck
    targets:
        apideck:
            target: php
            source: Apideck
            publish:
                packagist:
                    username: Apideck
                    token: $packagist_token
            codeSamples:
                registry:
                    location: registry.speakeasyapi.dev/apideck-k2o/apideck/apideck-php-code-samples
                blocking: false
