speakeasyVersion: 1.680.5
sources:
    Apideck:
        sourceNamespace: apideck
        sourceRevisionDigest: sha256:181525935f6264ae12484ecbdf07ea16942a6b00d216888d68538839c31f7e7d
        sourceBlobDigest: sha256:b2a6b4c3bc35751a3803f7445f4a4679d00d593236b3c8ba4eb6da8d0deede34
        tags:
            - latest
            - speakeasy-sdk-regen-1764663876
            - 10.23.3
targets:
    apideck:
        source: Apideck
        sourceNamespace: apideck
        sourceRevisionDigest: sha256:181525935f6264ae12484ecbdf07ea16942a6b00d216888d68538839c31f7e7d
        sourceBlobDigest: sha256:b2a6b4c3bc35751a3803f7445f4a4679d00d593236b3c8ba4eb6da8d0deede34
        codeSamplesNamespace: apideck-php-code-samples
        codeSamplesRevisionDigest: sha256:88fd3195cb196e2b2a96399b980b99e9215fea4ebdc8b1558fc766ae2f1da3d3
workflow:
    workflowVersion: 1.0.0
    speakeasyVersion: latest
    sources:
        Apideck:
            inputs:
                - location: https://ci-spec-unify.s3.eu-central-1.amazonaws.com/speakeasy-spec.yml
            registry:
                location: registry.speakeasyapi.dev/apideck-k2o/apideck/apideck
    targets:
        apideck:
            target: php
            source: Apideck
            publish:
                packagist:
                    username: Apideck
                    token: $packagist_token
            codeSamples:
                registry:
                    location: registry.speakeasyapi.dev/apideck-k2o/apideck/apideck-php-code-samples
                blocking: false
