speakeasyVersion: 1.509.1
sources:
    Apideck:
        sourceNamespace: apideck
        sourceRevisionDigest: sha256:2a5cb12d877f1a28da5677ab1fb97438aa07ecf088f324e395f2dea57c8e45a2
        sourceBlobDigest: sha256:bcc9052e5d994235fbc82c15690f4d19964df7f8c003a1012a6aefe37ab6f71a
        tags:
            - latest
            - speakeasy-sdk-regen-1740649257
            - 10.11.5
targets:
    apideck:
        source: Apideck
        sourceNamespace: apideck
        sourceRevisionDigest: sha256:2a5cb12d877f1a28da5677ab1fb97438aa07ecf088f324e395f2dea57c8e45a2
        sourceBlobDigest: sha256:bcc9052e5d994235fbc82c15690f4d19964df7f8c003a1012a6aefe37ab6f71a
        codeSamplesNamespace: apideck-php-code-samples
        codeSamplesRevisionDigest: sha256:d956f8498a64ef82f26c059141f6af381194db4e410d48102aaaf0383f68b9aa
workflow:
    workflowVersion: 1.0.0
    speakeasyVersion: latest
    sources:
        Apideck:
            inputs:
                - location: https://ci-spec-unify.s3.eu-central-1.amazonaws.com/speakeasy-spec.yml
            registry:
                location: registry.speakeasyapi.dev/apideck-k2o/apideck/apideck
    targets:
        apideck:
            target: php
            source: Apideck
            publish:
                packagist:
                    username: Apideck
                    token: $packagist_token
            codeSamples:
                registry:
                    location: registry.speakeasyapi.dev/apideck-k2o/apideck/apideck-php-code-samples
                blocking: false
